
Microsoft Visual Studio Solution File, Format Version 12.00
# Visual Studio Version 16
VisualStudioVersion = 16.0.29613.14
MinimumVisualStudioVersion = 10.0.40219.1
Project("{9A19103F-16F7-4668-BE54-9A1E7A4F7556}") = "IssueTracker", "IssueTracker\IssueTracker.csproj", "{6603A8B6-2361-4251-BEA8-C31A5B52D86D}"
EndProject
Global
	GlobalSection(SolutionConfigurationPlatforms) = preSolution
		Debug|Any CPU = Debug|Any CPU
		Release|Any CPU = Release|Any CPU
	EndGlobalSection
	GlobalSection(ProjectConfigurationPlatforms) = postSolution
		{6603A8B6-2361-4251-BEA8-C31A5B52D86D}.Debug|Any CPU.ActiveCfg = Debug|Any CPU
		{6603A8B6-2361-4251-BEA8-C31A5B52D86D}.Release|Any CPU.ActiveCfg = Release|Any CPU
		{6603A8B6-2361-4251-BEA8-C31A5B52D86D}.Release|Any CPU.Build.0 = Release|Any CPU
	EndGlobalSection
	GlobalSection(SolutionProperties) = preSolution
		HideSolutionNode = FALSE
	EndGlobalSection
	GlobalSection(ExtensibilityGlobals) = postSolution
		SolutionGuid = {C40B5466-5B76-45B8-BF61-034016D39DCA}
	EndGlobalSection
EndGlobal
